
Microsoft Visual Studio Solution File, Format Version 12.00
# Visual Studio Version 17
VisualStudioVersion = 17.8.34309.116
MinimumVisualStudioVersion = 10.0.40219.1
Project("{9A19103F-16F7-4668-BE54-9A1E7A4F7556}") = "FoodForYou", "FoodForYou\FoodForYou.csproj", "{D6891A8A-6D7C-4B1D-889F-0161C68A99B8}"
	ProjectSection(ProjectDependencies) = postProject
		{8DDC1C55-F6E8-4E15-8E39-29DC551D0113} = {8DDC1C55-F6E8-4E15-8E39-29DC551D0113}
	EndProjectSection
EndProject
Project("{9A19103F-16F7-4668-BE54-9A1E7A4F7556}") = "FoodForYouDL", "FoodForYouDL\FoodForYouDL.csproj", "{C59BF093-DFF0-44F2-BA64-130201180289}"
EndProject
Project("{9A19103F-16F7-4668-BE54-9A1E7A4F7556}") = "FoodForYouBL", "FoodForYouBL\FoodForYouBL.csproj", "{8DDC1C55-F6E8-4E15-8E39-29DC551D0113}"
	ProjectSection(ProjectDependencies) = postProject
		{C59BF093-DFF0-44F2-BA64-130201180289} = {C59BF093-DFF0-44F2-BA64-130201180289}
	EndProjectSection
EndProject
Project("{FAE04EC0-301F-11D3-BF4B-00C04F79EFBC}") = "FoodForYouDTO", "FoodForYouDTO\FoodForYouDTO.csproj", "{98D61147-BB90-4A47-A3B5-51CD4A137DFF}"
EndProject
Global
	GlobalSection(SolutionConfigurationPlatforms) = preSolution
		Debug|Any CPU = Debug|Any CPU
		Release|Any CPU = Release|Any CPU
	EndGlobalSection
	GlobalSection(ProjectConfigurationPlatforms) = postSolution
		{D6891A8A-6D7C-4B1D-889F-0161C68A99B8}.Debug|Any CPU.ActiveCfg = Debug|Any CPU
		{D6891A8A-6D7C-4B1D-889F-0161C68A99B8}.Debug|Any CPU.Build.0 = Debug|Any CPU
		{D6891A8A-6D7C-4B1D-889F-0161C68A99B8}.Release|Any CPU.ActiveCfg = Release|Any CPU
		{D6891A8A-6D7C-4B1D-889F-0161C68A99B8}.Release|Any CPU.Build.0 = Release|Any CPU
		{C59BF093-DFF0-44F2-BA64-130201180289}.Debug|Any CPU.ActiveCfg = Debug|Any CPU
		{C59BF093-DFF0-44F2-BA64-130201180289}.Debug|Any CPU.Build.0 = Debug|Any CPU
		{C59BF093-DFF0-44F2-BA64-130201180289}.Release|Any CPU.ActiveCfg = Release|Any CPU
		{C59BF093-DFF0-44F2-BA64-130201180289}.Release|Any CPU.Build.0 = Release|Any CPU
		{8DDC1C55-F6E8-4E15-8E39-29DC551D0113}.Debug|Any CPU.ActiveCfg = Debug|Any CPU
		{8DDC1C55-F6E8-4E15-8E39-29DC551D0113}.Debug|Any CPU.Build.0 = Debug|Any CPU
		{8DDC1C55-F6E8-4E15-8E39-29DC551D0113}.Release|Any CPU.ActiveCfg = Release|Any CPU
		{8DDC1C55-F6E8-4E15-8E39-29DC551D0113}.Release|Any CPU.Build.0 = Release|Any CPU
		{98D61147-BB90-4A47-A3B5-51CD4A137DFF}.Debug|Any CPU.ActiveCfg = Debug|Any CPU
		{98D61147-BB90-4A47-A3B5-51CD4A137DFF}.Debug|Any CPU.Build.0 = Debug|Any CPU
		{98D61147-BB90-4A47-A3B5-51CD4A137DFF}.Release|Any CPU.ActiveCfg = Release|Any CPU
		{98D61147-BB90-4A47-A3B5-51CD4A137DFF}.Release|Any CPU.Build.0 = Release|Any CPU
	EndGlobalSection
	GlobalSection(SolutionProperties) = preSolution
		HideSolutionNode = FALSE
	EndGlobalSection
	GlobalSection(ExtensibilityGlobals) = postSolution
		SolutionGuid = {2D6D6A11-68DF-44AE-9230-C34DD1941506}
	EndGlobalSection
EndGlobal
